
Microsoft Visual Studio Solution File, Format Version 12.00
# Visual Studio Version 16
VisualStudioVersion = 16.0.30621.155
MinimumVisualStudioVersion = 10.0.40219.1
Project("{9A19103F-16F7-4668-BE54-9A1E7A4F7556}") = "AirTrafficControl.Web", "AirTrafficControl.Web\AirTrafficControl.Web.csproj", "{F39406B9-B028-45C3-8073-671EB21427CD}"
EndProject
Project("{9A19103F-16F7-4668-BE54-9A1E7A4F7556}") = "ValidationTests", "ValidationTests\ValidationTests.csproj", "{DC688935-ED36-4D9E-8EEC-02BB9EBAB0D5}"
EndProject
Project("{9A19103F-16F7-4668-BE54-9A1E7A4F7556}") = "IATA", "IATA\IATA.csproj", "{6B2A264E-7052-4D59-9350-2351F765BA46}"
EndProject
Global
	GlobalSection(SolutionConfigurationPlatforms) = preSolution
		Debug|Any CPU = Debug|Any CPU
		Release|Any CPU = Release|Any CPU
	EndGlobalSection
	GlobalSection(ProjectConfigurationPlatforms) = postSolution
		{F39406B9-B028-45C3-8073-671EB21427CD}.Debug|Any CPU.ActiveCfg = Debug|Any CPU
		{F39406B9-B028-45C3-8073-671EB21427CD}.Debug|Any CPU.Build.0 = Debug|Any CPU
		{F39406B9-B028-45C3-8073-671EB21427CD}.Release|Any CPU.ActiveCfg = Release|Any CPU
		{F39406B9-B028-45C3-8073-671EB21427CD}.Release|Any CPU.Build.0 = Release|Any CPU
		{DC688935-ED36-4D9E-8EEC-02BB9EBAB0D5}.Debug|Any CPU.ActiveCfg = Debug|Any CPU
		{DC688935-ED36-4D9E-8EEC-02BB9EBAB0D5}.Debug|Any CPU.Build.0 = Debug|Any CPU
		{DC688935-ED36-4D9E-8EEC-02BB9EBAB0D5}.Release|Any CPU.ActiveCfg = Release|Any CPU
		{DC688935-ED36-4D9E-8EEC-02BB9EBAB0D5}.Release|Any CPU.Build.0 = Release|Any CPU
		{6B2A264E-7052-4D59-9350-2351F765BA46}.Debug|Any CPU.ActiveCfg = Debug|Any CPU
		{6B2A264E-7052-4D59-9350-2351F765BA46}.Debug|Any CPU.Build.0 = Debug|Any CPU
		{6B2A264E-7052-4D59-9350-2351F765BA46}.Release|Any CPU.ActiveCfg = Release|Any CPU
		{6B2A264E-7052-4D59-9350-2351F765BA46}.Release|Any CPU.Build.0 = Release|Any CPU
	EndGlobalSection
	GlobalSection(SolutionProperties) = preSolution
		HideSolutionNode = FALSE
	EndGlobalSection
	GlobalSection(ExtensibilityGlobals) = postSolution
		SolutionGuid = {6FE0774B-5F43-4123-881F-FA7C2231B828}
	EndGlobalSection
EndGlobal
